{
	"name": "unidad-backend",
	"version": "1.0.0",
	"lockfileVersion": 2,
	"requires": true,
	"packages": {
		"": {
			"name": "unidad-backend",
			"version": "1.0.0",
			"license": "ISC",
			"dependencies": {
				"colors": "^1.4.0",
				"dotenv": "^16.3.1",
				"generate-key": "^0.0.6",
				"ip": "*",
				"ws": "^8.13.0"
			}
		},
		"node_modules/coffee-script": {
			"version": "1.6.2",
			"resolved": "https://registry.npmjs.org/coffee-script/-/coffee-script-1.6.2.tgz",
			"integrity": "sha512-sZ89UliyDHNZ5ryoym4xwJdZpDk7b2v2kfJOAsH4yMwtiCpfRNrWO86G7LriLquLikg1dBCVi/RKjztuL3d1Vw==",
			"deprecated": "CoffeeScript on NPM has moved to \"coffeescript\" (no hyphen)",
			"bin": {
				"cake": "bin/cake",
				"coffee": "bin/coffee"
			},
			"engines": {
				"node": ">=0.8.0"
			}
		},
		"node_modules/colors": {
			"version": "1.4.0",
			"resolved": "https://registry.npmjs.org/colors/-/colors-1.4.0.tgz",
			"integrity": "sha512-a+UqTh4kgZg/SlGvfbzDHpgRu7AAQOmmqRHJnxhRZICKFUT91brVhNNt58CMWU9PsBbv3PDCZUHbVxuDiH2mtA==",
			"engines": {
				"node": ">=0.1.90"
			}
		},
		"node_modules/dotenv": {
			"version": "16.3.1",
			"resolved": "https://registry.npmjs.org/dotenv/-/dotenv-16.3.1.tgz",
			"integrity": "sha512-IPzF4w4/Rd94bA9imS68tZBaYyBWSCE47V1RGuMrB94iyTOIEwRmVL2x/4An+6mETpLrKJ5hQkB8W4kFAadeIQ==",
			"engines": {
				"node": ">=12"
			},
			"funding": {
				"url": "https://github.com/motdotla/dotenv?sponsor=1"
			}
		},
		"node_modules/generate-key": {
			"version": "0.0.6",
			"resolved": "https://registry.npmjs.org/generate-key/-/generate-key-0.0.6.tgz",
			"integrity": "sha512-gshU2yioRzkGfvX7cHJJZBVAd+D1p/TffJgkxvZ1f0MX6ulZtarpi8sNMbCbw8endVJ01miEL+Gmd7B4P5LOhw==",
			"dependencies": {
				"coffee-script": "1.6.2"
			}
		},
		"node_modules/ip": {
			"version": "1.1.8",
			"resolved": "https://registry.npmjs.org/ip/-/ip-1.1.8.tgz",
			"integrity": "sha512-PuExPYUiu6qMBQb4l06ecm6T6ujzhmh+MeJcW9wa89PoAz5pvd4zPgN5WJV104mb6S2T1AwNIAaB70JNrLQWhg=="
		},
		"node_modules/ws": {
			"version": "8.13.0",
			"resolved": "https://registry.npmjs.org/ws/-/ws-8.13.0.tgz",
			"integrity": "sha512-x9vcZYTrFPC7aSIbj7sRCYo7L/Xb8Iy+pW0ng0wt2vCJv7M9HOMy0UoN3rr+IFC7hb7vXoqS+P9ktyLLLhO+LA==",
			"engines": {
				"node": ">=10.0.0"
			},
			"peerDependencies": {
				"bufferutil": "^4.0.1",
				"utf-8-validate": ">=5.0.2"
			},
			"peerDependenciesMeta": {
				"bufferutil": {
					"optional": true
				},
				"utf-8-validate": {
					"optional": true
				}
			}
		}
	},
	"dependencies": {
		"coffee-script": {
			"version": "1.6.2",
			"resolved": "https://registry.npmjs.org/coffee-script/-/coffee-script-1.6.2.tgz",
			"integrity": "sha512-sZ89UliyDHNZ5ryoym4xwJdZpDk7b2v2kfJOAsH4yMwtiCpfRNrWO86G7LriLquLikg1dBCVi/RKjztuL3d1Vw=="
		},
		"colors": {
			"version": "1.4.0",
			"resolved": "https://registry.npmjs.org/colors/-/colors-1.4.0.tgz",
			"integrity": "sha512-a+UqTh4kgZg/SlGvfbzDHpgRu7AAQOmmqRHJnxhRZICKFUT91brVhNNt58CMWU9PsBbv3PDCZUHbVxuDiH2mtA=="
		},
		"dotenv": {
			"version": "16.3.1",
			"resolved": "https://registry.npmjs.org/dotenv/-/dotenv-16.3.1.tgz",
			"integrity": "sha512-IPzF4w4/Rd94bA9imS68tZBaYyBWSCE47V1RGuMrB94iyTOIEwRmVL2x/4An+6mETpLrKJ5hQkB8W4kFAadeIQ=="
		},
		"generate-key": {
			"version": "0.0.6",
			"resolved": "https://registry.npmjs.org/generate-key/-/generate-key-0.0.6.tgz",
			"integrity": "sha512-gshU2yioRzkGfvX7cHJJZBVAd+D1p/TffJgkxvZ1f0MX6ulZtarpi8sNMbCbw8endVJ01miEL+Gmd7B4P5LOhw==",
			"requires": {
				"coffee-script": "1.6.2"
			}
		},
		"ip": {
			"version": "1.1.8",
			"resolved": "https://registry.npmjs.org/ip/-/ip-1.1.8.tgz",
			"integrity": "sha512-PuExPYUiu6qMBQb4l06ecm6T6ujzhmh+MeJcW9wa89PoAz5pvd4zPgN5WJV104mb6S2T1AwNIAaB70JNrLQWhg=="
		},
		"ws": {
			"version": "8.13.0",
			"resolved": "https://registry.npmjs.org/ws/-/ws-8.13.0.tgz",
			"integrity": "sha512-x9vcZYTrFPC7aSIbj7sRCYo7L/Xb8Iy+pW0ng0wt2vCJv7M9HOMy0UoN3rr+IFC7hb7vXoqS+P9ktyLLLhO+LA==",
			"requires": {}
		}
	}
}
